// !$*UTF8*$!
{
	archiveVersion = 1;
	classes = {
	};
	objectVersion = 56;
	objects = {

/* Begin PBXBuildFile section */
		4D2FF28F29D27CF90067D372 /* Some_NewsApp.swift in Sources */ = {isa = PBXBuildFile; fileRef = 4D2FF28E29D27CF90067D372 /* Some_NewsApp.swift */; };
		4D2FF29129D27CF90067D372 /* ContentView.swift in Sources */ = {isa = PBXBuildFile; fileRef = 4D2FF29029D27CF90067D372 /* ContentView.swift */; };
		4D2FF29329D27CF90067D372 /* Assets.xcassets in Resources */ = {isa = PBXBuildFile; fileRef = 4D2FF29229D27CF90067D372 /* Assets.xcassets */; };
		4D2FF29629D27CF90067D372 /* Preview Assets.xcassets in Resources */ = {isa = PBXBuildFile; fileRef = 4D2FF29529D27CF90067D372 /* Preview Assets.xcassets */; };
		4D2FF29D29D27E3C0067D372 /* CardView.swift in Sources */ = {isa = PBXBuildFile; fileRef = 4D2FF29C29D27E3C0067D372 /* CardView.swift */; };
		4D2FF29F29D2802A0067D372 /* HomeFeedView.swift in Sources */ = {isa = PBXBuildFile; fileRef = 4D2FF29E29D2802A0067D372 /* HomeFeedView.swift */; };
		4D2FF2A529D3E2210067D372 /* ArticlesModel.swift in Sources */ = {isa = PBXBuildFile; fileRef = 4D2FF2A429D3E2210067D372 /* ArticlesModel.swift */; };
		4D2FF2A729D3E24D0067D372 /* NetworkServices.swift in Sources */ = {isa = PBXBuildFile; fileRef = 4D2FF2A629D3E24D0067D372 /* NetworkServices.swift */; };
		4D2FF2A929D3E2720067D372 /* ArticlesViewModel.swift in Sources */ = {isa = PBXBuildFile; fileRef = 4D2FF2A829D3E2720067D372 /* ArticlesViewModel.swift */; };
		4D2FF2AB29D3E2980067D372 /* Constants.swift in Sources */ = {isa = PBXBuildFile; fileRef = 4D2FF2AA29D3E2980067D372 /* Constants.swift */; };
		4D2FF2AD29D47F010067D372 /* DEV-Key.plist in Resources */ = {isa = PBXBuildFile; fileRef = 4D2FF2AC29D47F010067D372 /* DEV-Key.plist */; };
		4D2FF2AF29D47F0E0067D372 /* PROD-Key.plist in Resources */ = {isa = PBXBuildFile; fileRef = 4D2FF2AE29D47F0E0067D372 /* PROD-Key.plist */; };
		4D2FF2B129D4AF6E0067D372 /* ArticleDetailView.swift in Sources */ = {isa = PBXBuildFile; fileRef = 4D2FF2B029D4AF6E0067D372 /* ArticleDetailView.swift */; };
		4D926F0F2CF01DCB0030C3C8 /* Coordinator.swift in Sources */ = {isa = PBXBuildFile; fileRef = 4D926F0E2CF01DCB0030C3C8 /* Coordinator.swift */; };
		4D926F112CF01FC50030C3C8 /* CoordinatorView.swift in Sources */ = {isa = PBXBuildFile; fileRef = 4D926F102CF01FC50030C3C8 /* CoordinatorView.swift */; };
		4DD571962D472A5C00823D30 /* Persistance.swift in Sources */ = {isa = PBXBuildFile; fileRef = 4DD571952D472A5C00823D30 /* Persistance.swift */; };
		4DD571992D472E3900823D30 /* Some_News.xcdatamodeld in Sources */ = {isa = PBXBuildFile; fileRef = 4DD571972D472E3900823D30 /* Some_News.xcdatamodeld */; };
/* End PBXBuildFile section */

/* Begin PBXFileReference section */
		4D2FF28B29D27CF90067D372 /* Some News.app */ = {isa = PBXFileReference; explicitFileType = wrapper.application; includeInIndex = 0; path = "Some News.app"; sourceTree = BUILT_PRODUCTS_DIR; };
		4D2FF28E29D27CF90067D372 /* Some_NewsApp.swift */ = {isa = PBXFileReference; lastKnownFileType = sourcecode.swift; path = Some_NewsApp.swift; sourceTree = "<group>"; };
		4D2FF29029D27CF90067D372 /* ContentView.swift */ = {isa = PBXFileReference; lastKnownFileType = sourcecode.swift; path = ContentView.swift; sourceTree = "<group>"; };
		4D2FF29229D27CF90067D372 /* Assets.xcassets */ = {isa = PBXFileReference; lastKnownFileType = folder.assetcatalog; path = Assets.xcassets; sourceTree = "<group>"; };
		4D2FF29529D27CF90067D372 /* Preview Assets.xcassets */ = {isa = PBXFileReference; lastKnownFileType = folder.assetcatalog; path = "Preview Assets.xcassets"; sourceTree = "<group>"; };
		4D2FF29C29D27E3C0067D372 /* CardView.swift */ = {isa = PBXFileReference; lastKnownFileType = sourcecode.swift; path = CardView.swift; sourceTree = "<group>"; };
		4D2FF29E29D2802A0067D372 /* HomeFeedView.swift */ = {isa = PBXFileReference; lastKnownFileType = sourcecode.swift; path = HomeFeedView.swift; sourceTree = "<group>"; };
		4D2FF2A429D3E2210067D372 /* ArticlesModel.swift */ = {isa = PBXFileReference; lastKnownFileType = sourcecode.swift; path = ArticlesModel.swift; sourceTree = "<group>"; };
		4D2FF2A629D3E24D0067D372 /* NetworkServices.swift */ = {isa = PBXFileReference; lastKnownFileType = sourcecode.swift; path = NetworkServices.swift; sourceTree = "<group>"; };
		4D2FF2A829D3E2720067D372 /* ArticlesViewModel.swift */ = {isa = PBXFileReference; lastKnownFileType = sourcecode.swift; path = ArticlesViewModel.swift; sourceTree = "<group>"; };
		4D2FF2AA29D3E2980067D372 /* Constants.swift */ = {isa = PBXFileReference; lastKnownFileType = sourcecode.swift; path = Constants.swift; sourceTree = "<group>"; };
		4D2FF2AC29D47F010067D372 /* DEV-Key.plist */ = {isa = PBXFileReference; lastKnownFileType = text.plist.xml; path = "DEV-Key.plist"; sourceTree = "<group>"; };
		4D2FF2AE29D47F0E0067D372 /* PROD-Key.plist */ = {isa = PBXFileReference; lastKnownFileType = text.plist.xml; path = "PROD-Key.plist"; sourceTree = "<group>"; };
		4D2FF2B029D4AF6E0067D372 /* ArticleDetailView.swift */ = {isa = PBXFileReference; lastKnownFileType = sourcecode.swift; path = ArticleDetailView.swift; sourceTree = "<group>"; };
		4D926F0E2CF01DCB0030C3C8 /* Coordinator.swift */ = {isa = PBXFileReference; lastKnownFileType = sourcecode.swift; path = Coordinator.swift; sourceTree = "<group>"; };
		4D926F102CF01FC50030C3C8 /* CoordinatorView.swift */ = {isa = PBXFileReference; lastKnownFileType = sourcecode.swift; path = CoordinatorView.swift; sourceTree = "<group>"; };
		4DD571952D472A5C00823D30 /* Persistance.swift */ = {isa = PBXFileReference; lastKnownFileType = sourcecode.swift; path = Persistance.swift; sourceTree = "<group>"; };
		4DD571982D472E3900823D30 /* Some_News.xcdatamodel */ = {isa = PBXFileReference; lastKnownFileType = wrapper.xcdatamodel; path = Some_News.xcdatamodel; sourceTree = "<group>"; };
/* End PBXFileReference section */

/* Begin PBXFrameworksBuildPhase section */
		4D2FF28829D27CF90067D372 /* Frameworks */ = {
			isa = PBXFrameworksBuildPhase;
			buildActionMask = 2147483647;
			files = (
			);
			runOnlyForDeploymentPostprocessing = 0;
		};
/* End PBXFrameworksBuildPhase section */

/* Begin PBXGroup section */
		4D2FF28229D27CF90067D372 = {
			isa = PBXGroup;
			children = (
				4D2FF28D29D27CF90067D372 /* Some News */,
				4D2FF28C29D27CF90067D372 /* Products */,
			);
			sourceTree = "<group>";
		};
		4D2FF28C29D27CF90067D372 /* Products */ = {
			isa = PBXGroup;
			children = (
				4D2FF28B29D27CF90067D372 /* Some News.app */,
			);
			name = Products;
			sourceTree = "<group>";
		};
		4D2FF28D29D27CF90067D372 /* Some News */ = {
			isa = PBXGroup;
			children = (
				4D2FF2A329D3E20C0067D372 /* Utils */,
				4D2FF2A229D3E2040067D372 /* ViewModel */,
				4D2FF2A129D3E1FE0067D372 /* View */,
				4D2FF2A029D3E1F90067D372 /* Model */,
				4D2FF28E29D27CF90067D372 /* Some_NewsApp.swift */,
				4D2FF29029D27CF90067D372 /* ContentView.swift */,
				4D2FF29229D27CF90067D372 /* Assets.xcassets */,
				4D2FF29429D27CF90067D372 /* Preview Content */,
				4D2FF2AC29D47F010067D372 /* DEV-Key.plist */,
				4D2FF2AE29D47F0E0067D372 /* PROD-Key.plist */,
				4DD571972D472E3900823D30 /* Some_News.xcdatamodeld */,
			);
			path = "Some News";
			sourceTree = "<group>";
		};
		4D2FF29429D27CF90067D372 /* Preview Content */ = {
			isa = PBXGroup;
			children = (
				4D2FF29529D27CF90067D372 /* Preview Assets.xcassets */,
			);
			path = "Preview Content";
			sourceTree = "<group>";
		};
		4D2FF2A029D3E1F90067D372 /* Model */ = {
			isa = PBXGroup;
			children = (
				4D2FF2A429D3E2210067D372 /* ArticlesModel.swift */,
				4DD571952D472A5C00823D30 /* Persistance.swift */,
				4D2FF2A629D3E24D0067D372 /* NetworkServices.swift */,
			);
			path = Model;
			sourceTree = "<group>";
		};
		4D2FF2A129D3E1FE0067D372 /* View */ = {
			isa = PBXGroup;
			children = (
				4D2FF29C29D27E3C0067D372 /* CardView.swift */,
				4D2FF29E29D2802A0067D372 /* HomeFeedView.swift */,
				4D2FF2B029D4AF6E0067D372 /* ArticleDetailView.swift */,
			);
			path = View;
			sourceTree = "<group>";
		};
		4D2FF2A229D3E2040067D372 /* ViewModel */ = {
			isa = PBXGroup;
			children = (
				4D2FF2A829D3E2720067D372 /* ArticlesViewModel.swift */,
			);
			path = ViewModel;
			sourceTree = "<group>";
		};
		4D2FF2A329D3E20C0067D372 /* Utils */ = {
			isa = PBXGroup;
			children = (
				4D2FF2AA29D3E2980067D372 /* Constants.swift */,
				4D926F0E2CF01DCB0030C3C8 /* Coordinator.swift */,
				4D926F102CF01FC50030C3C8 /* CoordinatorView.swift */,
			);
			path = Utils;
			sourceTree = "<group>";
		};
/* End PBXGroup section */

/* Begin PBXNativeTarget section */
		4D2FF28A29D27CF90067D372 /* Some News */ = {
			isa = PBXNativeTarget;
			buildConfigurationList = 4D2FF29929D27CF90067D372 /* Build configuration list for PBXNativeTarget "Some News" */;
			buildPhases = (
				4D2FF28729D27CF90067D372 /* Sources */,
				4D2FF28829D27CF90067D372 /* Frameworks */,
				4D2FF28929D27CF90067D372 /* Resources */,
			);
			buildRules = (
			);
			dependencies = (
			);
			name = "Some News";
			productName = "Some News";
			productReference = 4D2FF28B29D27CF90067D372 /* Some News.app */;
			productType = "com.apple.product-type.application";
		};
/* End PBXNativeTarget section */

/* Begin PBXProject section */
		4D2FF28329D27CF90067D372 /* Project object */ = {
			isa = PBXProject;
			attributes = {
				BuildIndependentTargetsInParallel = 1;
				LastSwiftUpdateCheck = 1420;
				LastUpgradeCheck = 1610;
				TargetAttributes = {
					4D2FF28A29D27CF90067D372 = {
						CreatedOnToolsVersion = 14.2;
					};
				};
			};
			buildConfigurationList = 4D2FF28629D27CF90067D372 /* Build configuration list for PBXProject "Some News" */;
			compatibilityVersion = "Xcode 14.0";
			developmentRegion = en;
			hasScannedForEncodings = 0;
			knownRegions = (
				en,
				Base,
			);
			mainGroup = 4D2FF28229D27CF90067D372;
			productRefGroup = 4D2FF28C29D27CF90067D372 /* Products */;
			projectDirPath = "";
			projectRoot = "";
			targets = (
				4D2FF28A29D27CF90067D372 /* Some News */,
			);
		};
/* End PBXProject section */

/* Begin PBXResourcesBuildPhase section */
		4D2FF28929D27CF90067D372 /* Resources */ = {
			isa = PBXResourcesBuildPhase;
			buildActionMask = 2147483647;
			files = (
				4D2FF29629D27CF90067D372 /* Preview Assets.xcassets in Resources */,
				4D2FF29329D27CF90067D372 /* Assets.xcassets in Resources */,
				4D2FF2AD29D47F010067D372 /* DEV-Key.plist in Resources */,
				4D2FF2AF29D47F0E0067D372 /* PROD-Key.plist in Resources */,
			);
			runOnlyForDeploymentPostprocessing = 0;
		};
/* End PBXResourcesBuildPhase section */

/* Begin PBXSourcesBuildPhase section */
		4D2FF28729D27CF90067D372 /* Sources */ = {
			isa = PBXSourcesBuildPhase;
			buildActionMask = 2147483647;
			files = (
				4D2FF2A729D3E24D0067D372 /* NetworkServices.swift in Sources */,
				4D2FF29129D27CF90067D372 /* ContentView.swift in Sources */,
				4D926F0F2CF01DCB0030C3C8 /* Coordinator.swift in Sources */,
				4D2FF29F29D2802A0067D372 /* HomeFeedView.swift in Sources */,
				4D2FF29D29D27E3C0067D372 /* CardView.swift in Sources */,
				4DD571962D472A5C00823D30 /* Persistance.swift in Sources */,
				4D2FF2A529D3E2210067D372 /* ArticlesModel.swift in Sources */,
				4DD571992D472E3900823D30 /* Some_News.xcdatamodeld in Sources */,
				4D2FF28F29D27CF90067D372 /* Some_NewsApp.swift in Sources */,
				4D2FF2B129D4AF6E0067D372 /* ArticleDetailView.swift in Sources */,
				4D926F112CF01FC50030C3C8 /* CoordinatorView.swift in Sources */,
				4D2FF2A929D3E2720067D372 /* ArticlesViewModel.swift in Sources */,
				4D2FF2AB29D3E2980067D372 /* Constants.swift in Sources */,
			);
			runOnlyForDeploymentPostprocessing = 0;
		};
/* End PBXSourcesBuildPhase section */

/* Begin XCBuildConfiguration section */
		4D2FF29729D27CF90067D372 /* Debug */ = {
			isa = XCBuildConfiguration;
			buildSettings = {
				ALWAYS_SEARCH_USER_PATHS = NO;
				ASSETCATALOG_COMPILER_GENERATE_SWIFT_ASSET_SYMBOL_EXTENSIONS = YES;
				CLANG_ANALYZER_NONNULL = YES;
				CLANG_ANALYZER_NUMBER_OBJECT_CONVERSION = YES_AGGRESSIVE;
				CLANG_CXX_LANGUAGE_STANDARD = "gnu++20";
				CLANG_ENABLE_MODULES = YES;
				CLANG_ENABLE_OBJC_ARC = YES;
				CLANG_ENABLE_OBJC_WEAK = YES;
				CLANG_WARN_BLOCK_CAPTURE_AUTORELEASING = YES;
				CLANG_WARN_BOOL_CONVERSION = YES;
				CLANG_WARN_COMMA = YES;
				CLANG_WARN_CONSTANT_CONVERSION = YES;
				CLANG_WARN_DEPRECATED_OBJC_IMPLEMENTATIONS = YES;
				CLANG_WARN_DIRECT_OBJC_ISA_USAGE = YES_ERROR;
				CLANG_WARN_DOCUMENTATION_COMMENTS = YES;
				CLANG_WARN_EMPTY_BODY = YES;
				CLANG_WARN_ENUM_CONVERSION = YES;
				CLANG_WARN_INFINITE_RECURSION = YES;
				CLANG_WARN_INT_CONVERSION = YES;
				CLANG_WARN_NON_LITERAL_NULL_CONVERSION = YES;
				CLANG_WARN_OBJC_IMPLICIT_RETAIN_SELF = YES;
				CLANG_WARN_OBJC_LITERAL_CONVERSION = YES;
				CLANG_WARN_OBJC_ROOT_CLASS = YES_ERROR;
				CLANG_WARN_QUOTED_INCLUDE_IN_FRAMEWORK_HEADER = YES;
				CLANG_WARN_RANGE_LOOP_ANALYSIS = YES;
				CLANG_WARN_STRICT_PROTOTYPES = YES;
				CLANG_WARN_SUSPICIOUS_MOVE = YES;
				CLANG_WARN_UNGUARDED_AVAILABILITY = YES_AGGRESSIVE;
				CLANG_WARN_UNREACHABLE_CODE = YES;
				CLANG_WARN__DUPLICATE_METHOD_MATCH = YES;
				COPY_PHASE_STRIP = NO;
				DEBUG_INFORMATION_FORMAT = dwarf;
				ENABLE_STRICT_OBJC_MSGSEND = YES;
				ENABLE_TESTABILITY = YES;
				ENABLE_USER_SCRIPT_SANDBOXING = YES;
				GCC_C_LANGUAGE_STANDARD = gnu11;
				GCC_DYNAMIC_NO_PIC = NO;
				GCC_NO_COMMON_BLOCKS = YES;
				GCC_OPTIMIZATION_LEVEL = 0;
				GCC_PREPROCESSOR_DEFINITIONS = (
					"DEBUG=1",
					"$(inherited)",
				);
				GCC_WARN_64_TO_32_BIT_CONVERSION = YES;
				GCC_WARN_ABOUT_RETURN_TYPE = YES_ERROR;
				GCC_WARN_UNDECLARED_SELECTOR = YES;
				GCC_WARN_UNINITIALIZED_AUTOS = YES_AGGRESSIVE;
				GCC_WARN_UNUSED_FUNCTION = YES;
				GCC_WARN_UNUSED_VARIABLE = YES;
				IPHONEOS_DEPLOYMENT_TARGET = 16.2;
				MTL_ENABLE_DEBUG_INFO = INCLUDE_SOURCE;
				MTL_FAST_MATH = YES;
				ONLY_ACTIVE_ARCH = YES;
				SDKROOT = iphoneos;
				SWIFT_ACTIVE_COMPILATION_CONDITIONS = DEBUG;
				SWIFT_OPTIMIZATION_LEVEL = "-Onone";
			};
			name = Debug;
		};
		4D2FF29829D27CF90067D372 /* Release */ = {
			isa = XCBuildConfiguration;
			buildSettings = {
				ALWAYS_SEARCH_USER_PATHS = NO;
				ASSETCATALOG_COMPILER_GENERATE_SWIFT_ASSET_SYMBOL_EXTENSIONS = YES;
				CLANG_ANALYZER_NONNULL = YES;
				CLANG_ANALYZER_NUMBER_OBJECT_CONVERSION = YES_AGGRESSIVE;
				CLANG_CXX_LANGUAGE_STANDARD = "gnu++20";
				CLANG_ENABLE_MODULES = YES;
				CLANG_ENABLE_OBJC_ARC = YES;
				CLANG_ENABLE_OBJC_WEAK = YES;
				CLANG_WARN_BLOCK_CAPTURE_AUTORELEASING = YES;
				CLANG_WARN_BOOL_CONVERSION = YES;
				CLANG_WARN_COMMA = YES;
				CLANG_WARN_CONSTANT_CONVERSION = YES;
				CLANG_WARN_DEPRECATED_OBJC_IMPLEMENTATIONS = YES;
				CLANG_WARN_DIRECT_OBJC_ISA_USAGE = YES_ERROR;
				CLANG_WARN_DOCUMENTATION_COMMENTS = YES;
				CLANG_WARN_EMPTY_BODY = YES;
				CLANG_WARN_ENUM_CONVERSION = YES;
				CLANG_WARN_INFINITE_RECURSION = YES;
				CLANG_WARN_INT_CONVERSION = YES;
				CLANG_WARN_NON_LITERAL_NULL_CONVERSION = YES;
				CLANG_WARN_OBJC_IMPLICIT_RETAIN_SELF = YES;
				CLANG_WARN_OBJC_LITERAL_CONVERSION = YES;
				CLANG_WARN_OBJC_ROOT_CLASS = YES_ERROR;
				CLANG_WARN_QUOTED_INCLUDE_IN_FRAMEWORK_HEADER = YES;
				CLANG_WARN_RANGE_LOOP_ANALYSIS = YES;
				CLANG_WARN_STRICT_PROTOTYPES = YES;
				CLANG_WARN_SUSPICIOUS_MOVE = YES;
				CLANG_WARN_UNGUARDED_AVAILABILITY = YES_AGGRESSIVE;
				CLANG_WARN_UNREACHABLE_CODE = YES;
				CLANG_WARN__DUPLICATE_METHOD_MATCH = YES;
				COPY_PHASE_STRIP = NO;
				DEBUG_INFORMATION_FORMAT = "dwarf-with-dsym";
				ENABLE_NS_ASSERTIONS = NO;
				ENABLE_STRICT_OBJC_MSGSEND = YES;
				ENABLE_USER_SCRIPT_SANDBOXING = YES;
				GCC_C_LANGUAGE_STANDARD = gnu11;
				GCC_NO_COMMON_BLOCKS = YES;
				GCC_WARN_64_TO_32_BIT_CONVERSION = YES;
				GCC_WARN_ABOUT_RETURN_TYPE = YES_ERROR;
				GCC_WARN_UNDECLARED_SELECTOR = YES;
				GCC_WARN_UNINITIALIZED_AUTOS = YES_AGGRESSIVE;
				GCC_WARN_UNUSED_FUNCTION = YES;
				GCC_WARN_UNUSED_VARIABLE = YES;
				IPHONEOS_DEPLOYMENT_TARGET = 16.2;
				MTL_ENABLE_DEBUG_INFO = NO;
				MTL_FAST_MATH = YES;
				SDKROOT = iphoneos;
				SWIFT_COMPILATION_MODE = wholemodule;
				SWIFT_OPTIMIZATION_LEVEL = "-O";
				VALIDATE_PRODUCT = YES;
			};
			name = Release;
		};
		4D2FF29A29D27CF90067D372 /* Debug */ = {
			isa = XCBuildConfiguration;
			buildSettings = {
				ASSETCATALOG_COMPILER_APPICON_NAME = AppIcon;
				ASSETCATALOG_COMPILER_GLOBAL_ACCENT_COLOR_NAME = AccentColor;
				CODE_SIGN_STYLE = Automatic;
				CURRENT_PROJECT_VERSION = 1;
				DEVELOPMENT_ASSET_PATHS = "\"Some News/Preview Content\"";
				DEVELOPMENT_TEAM = G9TBJCK73T;
				ENABLE_PREVIEWS = YES;
				GENERATE_INFOPLIST_FILE = YES;
				INFOPLIST_KEY_UIApplicationSceneManifest_Generation = YES;
				INFOPLIST_KEY_UIApplicationSupportsIndirectInputEvents = YES;
				INFOPLIST_KEY_UILaunchScreen_Generation = YES;
				INFOPLIST_KEY_UISupportedInterfaceOrientations_iPad = "UIInterfaceOrientationPortrait UIInterfaceOrientationPortraitUpsideDown UIInterfaceOrientationLandscapeLeft UIInterfaceOrientationLandscapeRight";
				INFOPLIST_KEY_UISupportedInterfaceOrientations_iPhone = "UIInterfaceOrientationPortrait UIInterfaceOrientationLandscapeLeft UIInterfaceOrientationLandscapeRight";
				LD_RUNPATH_SEARCH_PATHS = (
					"$(inherited)",
					"@executable_path/Frameworks",
				);
				MARKETING_VERSION = 1.0;
				PRODUCT_BUNDLE_IDENTIFIER = "com.israman.somenews.Some-News";
				PRODUCT_NAME = "$(TARGET_NAME)";
				SWIFT_EMIT_LOC_STRINGS = YES;
				SWIFT_VERSION = 5.0;
				TARGETED_DEVICE_FAMILY = "1,2";
			};
			name = Debug;
		};
		4D2FF29B29D27CF90067D372 /* Release */ = {
			isa = XCBuildConfiguration;
			buildSettings = {
				ASSETCATALOG_COMPILER_APPICON_NAME = AppIcon;
				ASSETCATALOG_COMPILER_GLOBAL_ACCENT_COLOR_NAME = AccentColor;
				CODE_SIGN_STYLE = Automatic;
				CURRENT_PROJECT_VERSION = 1;
				DEVELOPMENT_ASSET_PATHS = "\"Some News/Preview Content\"";
				DEVELOPMENT_TEAM = G9TBJCK73T;
				ENABLE_PREVIEWS = YES;
				GENERATE_INFOPLIST_FILE = YES;
				INFOPLIST_KEY_UIApplicationSceneManifest_Generation = YES;
				INFOPLIST_KEY_UIApplicationSupportsIndirectInputEvents = YES;
				INFOPLIST_KEY_UILaunchScreen_Generation = YES;
				INFOPLIST_KEY_UISupportedInterfaceOrientations_iPad = "UIInterfaceOrientationPortrait UIInterfaceOrientationPortraitUpsideDown UIInterfaceOrientationLandscapeLeft UIInterfaceOrientationLandscapeRight";
				INFOPLIST_KEY_UISupportedInterfaceOrientations_iPhone = "UIInterfaceOrientationPortrait UIInterfaceOrientationLandscapeLeft UIInterfaceOrientationLandscapeRight";
				LD_RUNPATH_SEARCH_PATHS = (
					"$(inherited)",
					"@executable_path/Frameworks",
				);
				MARKETING_VERSION = 1.0;
				PRODUCT_BUNDLE_IDENTIFIER = "com.israman.somenews.Some-News";
				PRODUCT_NAME = "$(TARGET_NAME)";
				SWIFT_EMIT_LOC_STRINGS = YES;
				SWIFT_VERSION = 5.0;
				TARGETED_DEVICE_FAMILY = "1,2";
			};
			name = Release;
		};
/* End XCBuildConfiguration section */

/* Begin XCConfigurationList section */
		4D2FF28629D27CF90067D372 /* Build configuration list for PBXProject "Some News" */ = {
			isa = XCConfigurationList;
			buildConfigurations = (
				4D2FF29729D27CF90067D372 /* Debug */,
				4D2FF29829D27CF90067D372 /* Release */,
			);
			defaultConfigurationIsVisible = 0;
			defaultConfigurationName = Release;
		};
		4D2FF29929D27CF90067D372 /* Build configuration list for PBXNativeTarget "Some News" */ = {
			isa = XCConfigurationList;
			buildConfigurations = (
				4D2FF29A29D27CF90067D372 /* Debug */,
				4D2FF29B29D27CF90067D372 /* Release */,
			);
			defaultConfigurationIsVisible = 0;
			defaultConfigurationName = Release;
		};
/* End XCConfigurationList section */

/* Begin XCVersionGroup section */
		4DD571972D472E3900823D30 /* Some_News.xcdatamodeld */ = {
			isa = XCVersionGroup;
			children = (
				4DD571982D472E3900823D30 /* Some_News.xcdatamodel */,
			);
			currentVersion = 4DD571982D472E3900823D30 /* Some_News.xcdatamodel */;
			path = Some_News.xcdatamodeld;
			sourceTree = "<group>";
			versionGroupType = wrapper.xcdatamodel;
		};
/* End XCVersionGroup section */
	};
	rootObject = 4D2FF28329D27CF90067D372 /* Project object */;
}
